
Microsoft Visual Studio Solution File, Format Version 12.00
# Visual Studio Version 17
VisualStudioVersion = 17.2.32616.157
MinimumVisualStudioVersion = 10.0.40219.1
Project("{FAE04EC0-301F-11D3-BF4B-00C04F79EFBC}") = "POO_10Ejemplos_v2", "POO_10Ejemplos_v2.csproj", "{7ADE4BE9-67C7-4279-9AD5-BD89FED9A9D3}"
EndProject
Global
	GlobalSection(SolutionConfigurationPlatforms) = preSolution
		Debug|Any CPU = Debug|Any CPU
		Release|Any CPU = Release|Any CPU
	EndGlobalSection
	GlobalSection(ProjectConfigurationPlatforms) = postSolution
		{7ADE4BE9-67C7-4279-9AD5-BD89FED9A9D3}.Debug|Any CPU.ActiveCfg = Debug|Any CPU
		{7ADE4BE9-67C7-4279-9AD5-BD89FED9A9D3}.Debug|Any CPU.Build.0 = Debug|Any CPU
		{7ADE4BE9-67C7-4279-9AD5-BD89FED9A9D3}.Release|Any CPU.ActiveCfg = Release|Any CPU
		{7ADE4BE9-67C7-4279-9AD5-BD89FED9A9D3}.Release|Any CPU.Build.0 = Release|Any CPU
	EndGlobalSection
	GlobalSection(SolutionProperties) = preSolution
		HideSolutionNode = FALSE
	EndGlobalSection
	GlobalSection(ExtensibilityGlobals) = postSolution
		SolutionGuid = {DDC24719-7AD4-4D33-88F6-8C3FD2F3A104}
	EndGlobalSection
EndGlobal
